
Microsoft Visual Studio Solution File, Format Version 12.00
# Visual Studio Version 16
VisualStudioVersion = 16.0.29306.81
MinimumVisualStudioVersion = 10.0.40219.1
Project("{FAE04EC0-301F-11D3-BF4B-00C04F79EFBC}") = "CityLibrary", "CityLibrary\CityLibrary.csproj", "{31342D6C-C290-42A0-9707-87B40B0FCEA6}"
EndProject
Global
	GlobalSection(SolutionConfigurationPlatforms) = preSolution
		Debug|Any CPU = Debug|Any CPU
		Release|Any CPU = Release|Any CPU
	EndGlobalSection
	GlobalSection(ProjectConfigurationPlatforms) = postSolution
		{31342D6C-C290-42A0-9707-87B40B0FCEA6}.Debug|Any CPU.ActiveCfg = Debug|Any CPU
		{31342D6C-C290-42A0-9707-87B40B0FCEA6}.Debug|Any CPU.Build.0 = Debug|Any CPU
		{31342D6C-C290-42A0-9707-87B40B0FCEA6}.Release|Any CPU.ActiveCfg = Release|Any CPU
		{31342D6C-C290-42A0-9707-87B40B0FCEA6}.Release|Any CPU.Build.0 = Release|Any CPU
	EndGlobalSection
	GlobalSection(SolutionProperties) = preSolution
		HideSolutionNode = FALSE
	EndGlobalSection
	GlobalSection(ExtensibilityGlobals) = postSolution
		SolutionGuid = {1A7BBA72-25D4-43A9-92D1-E137C158F964}
	EndGlobalSection
EndGlobal
